{
  "requires": true,
  "lockfileVersion": 1,
  "dependencies": {
    "systemjs": {
      "version": "6.3.2",
      "resolved": "https://registry.npmjs.org/systemjs/-/systemjs-6.3.2.tgz",
      "integrity": "sha512-zcALS1RIYtsQBG4fbaE+cJzKx+UoEuSM8xCkGGH99i7p7Ym3ALvhi9QrpF2lo0CMQaejqrE1GnbkuG2m/+H7ew=="
    }
  }
}
